
Microsoft Visual Studio Solution File, Format Version 11.00
# Visual Studio 2010
Project("{FAE04EC0-301F-11D3-BF4B-00C04F79EFBC}") = "Assembly-CSharp", "Assembly-CSharp.csproj", "{AAA25867-1C3A-876F-FAF8-A4F5C1E01F62}"
EndProject
Project("{FAE04EC0-301F-11D3-BF4B-00C04F79EFBC}") = "Assembly-CSharp-Editor", "Assembly-CSharp-Editor.csproj", "{334A5B33-01D9-57BC-6F01-26EA572505E7}"
EndProject
Global
	GlobalSection(SolutionConfigurationPlatforms) = preSolution
		Debug|Any CPU = Debug|Any CPU
		Release|Any CPU = Release|Any CPU
	EndGlobalSection
	GlobalSection(ProjectConfigurationPlatforms) = postSolution
		{AAA25867-1C3A-876F-FAF8-A4F5C1E01F62}.Debug|Any CPU.ActiveCfg = Debug|Any CPU
		{AAA25867-1C3A-876F-FAF8-A4F5C1E01F62}.Debug|Any CPU.Build.0 = Debug|Any CPU
		{AAA25867-1C3A-876F-FAF8-A4F5C1E01F62}.Release|Any CPU.ActiveCfg = Release|Any CPU
		{AAA25867-1C3A-876F-FAF8-A4F5C1E01F62}.Release|Any CPU.Build.0 = Release|Any CPU
		{334A5B33-01D9-57BC-6F01-26EA572505E7}.Debug|Any CPU.ActiveCfg = Debug|Any CPU
		{334A5B33-01D9-57BC-6F01-26EA572505E7}.Debug|Any CPU.Build.0 = Debug|Any CPU
		{334A5B33-01D9-57BC-6F01-26EA572505E7}.Release|Any CPU.ActiveCfg = Release|Any CPU
		{334A5B33-01D9-57BC-6F01-26EA572505E7}.Release|Any CPU.Build.0 = Release|Any CPU
	EndGlobalSection
	GlobalSection(SolutionProperties) = preSolution
		HideSolutionNode = FALSE
	EndGlobalSection
	GlobalSection(MonoDevelopProperties) = preSolution
		StartupItem = Assembly-CSharp.csproj
	EndGlobalSection
EndGlobal
